{
  "version": "4",
  "specifiers": {
    "npm:@supabase/supabase-js@2": "2.110.0",
    "npm:web-push@3": "3.6.7"
  },
  "npm": {
    "@supabase/auth-js@2.110.0": {
      "integrity": "sha512-Mi288WCTp6wxMFCOu/UgzgHEXODjdl2uVTLqK11eanzGZaldU3RyP8Am+ZbNuVzFP+5+iOvppxzv7N5Ym84xTg==",
      "dependencies": [
        "tslib"
      ]
    },
    "@supabase/functions-js@2.110.0": {
      "integrity": "sha512-Fde5wlY8ZZy+9yqrWlQHo8MacSyUBArBEtN2boB4thJQigPnQD/cc61qZN0n3I1L0gwhWtHYwIMnOBKxSvF6Hw==",
      "dependencies": [
        "tslib"
      ]
    },
    "@supabase/phoenix@0.4.4": {
      "integrity": "sha512-Gt0pqoXuIqX/8dvG0OKp/wMCobXNH3klNbUPBNyOfN0YA1IswrM3HyWFMOPk1Jy+BRaIyDPcFx4jLBwHNmlyfQ=="
    },
    "@supabase/postgrest-js@2.110.0": {
      "integrity": "sha512-ZbC1QZL3jcvBUfVKjJbgRM27G4Mg3Zzqdm44m5pJafe1e52Cli793EOnwQucomBAGEUDd03Nzaf7XV3ji/XexQ==",
      "dependencies": [
        "tslib"
      ]
    },
    "@supabase/realtime-js@2.110.0": {
      "integrity": "sha512-Wn2AWpneZuDFTkp/65tqctvoh+3JvyTjMam8sTMqVWy5BgkU8zAvFwilPYPPPhkINeKF8NAJKP7FclJ2iGCUMw==",
      "dependencies": [
        "@supabase/phoenix",
        "tslib"
      ]
    },
    "@supabase/storage-js@2.110.0": {
      "integrity": "sha512-71+gU3HrhiylAhftY6FmO5PPdcsScnVcS766CVD+vTYK9qTDLbrx8FhgBYbqGm3iV/wkTfzrNJfjGsMeFRkJRQ==",
      "dependencies": [
        "iceberg-js",
        "tslib"
      ]
    },
    "@supabase/supabase-js@2.110.0": {
      "integrity": "sha512-8yI84VJiEVW4zxZpLUmxXmjzQ7O2St9X/ymzlBETDHTURPWG3LmvbSiibq+7dqAJmyoUfxZnSfXeM4HCM8s4XQ==",
      "dependencies": [
        "@supabase/auth-js",
        "@supabase/functions-js",
        "@supabase/postgrest-js",
        "@supabase/realtime-js",
        "@supabase/storage-js"
      ]
    },
    "agent-base@7.1.4": {
      "integrity": "sha512-MnA+YT8fwfJPgBx3m60MNqakm30XOkyIoH1y6huTQvC0PwZG7ki8NacLBcrPbNoo8vEZy7Jpuk7+jMO+CUovTQ=="
    },
    "asn1.js@5.4.1": {
      "integrity": "sha512-+I//4cYPccV8LdmBLiX8CYvf9Sp3vQsrqu2QNXRcrbiWvcx/UdlFiqUJJzxRQxgsZmvhXhn4cSKeSmoFjVdupA==",
      "dependencies": [
        "bn.js",
        "inherits",
        "minimalistic-assert",
        "safer-buffer"
      ]
    },
    "bn.js@4.12.4": {
      "integrity": "sha512-njR1b+ixG2ufvL9Zn9JGneW+b5GV6jqpYyPPpg4QVt723b5kJPGUczkUyWEH9BwEA74UakJZ43I4FDLBF7ci0g=="
    },
    "buffer-equal-constant-time@1.0.1": {
      "integrity": "sha512-zRpUiDwd/xk6ADqPMATG8vc9VPrkck7T07OIx0gnjmJAnHnTVXNQG3vfvWNuiZIkwu9KrKdA1iJKfsfTVxE6NA=="
    },
    "debug@4.4.3": {
      "integrity": "sha512-RGwwWnwQvkVfavKVt22FGLw+xYSdzARwm0ru6DhTVA3umU5hZc28V3kO4stgYryrTlLpuvgI9GiijltAjNbcqA==",
      "dependencies": [
        "ms"
      ]
    },
    "ecdsa-sig-formatter@1.0.11": {
      "integrity": "sha512-nagl3RYrbNv6kQkeJIpt6NJZy8twLB/2vtz6yN9Z4vRKHN4/QZJIEbqohALSgwKdnksuY3k5Addp5lg8sVoVcQ==",
      "dependencies": [
        "safe-buffer"
      ]
    },
    "http_ece@1.2.0": {
      "integrity": "sha512-JrF8SSLVmcvc5NducxgyOrKXe3EsyHMgBFgSaIUGmArKe+rwr0uphRkRXvwiom3I+fpIfoItveHrfudL8/rxuA=="
    },
    "https-proxy-agent@7.0.6": {
      "integrity": "sha512-vK9P5/iUfdl95AI+JVyUuIcVtd4ofvtrOr3HNtM2yxC9bnMbEdp3x01OhQNnjb8IJYi38VlTE3mBXwcfvywuSw==",
      "dependencies": [
        "agent-base",
        "debug"
      ]
    },
    "iceberg-js@0.8.1": {
      "integrity": "sha512-1dhVQZXhcHje7798IVM+xoo/1ZdVfzOMIc8/rgVSijRK38EDqOJoGula9N/8ZI5RD8QTxNQtK/Gozpr+qUqRRA=="
    },
    "inherits@2.0.4": {
      "integrity": "sha512-k/vGaX4/Yla3WzyMCvTQOXYeIHvqOKtnqBduzTHpzpQZzAskKMhZ2K+EnBiSM9zGSoIFeMpXKxa4dYeZIQqewQ=="
    },
    "jwa@2.0.1": {
      "integrity": "sha512-hRF04fqJIP8Abbkq5NKGN0Bbr3JxlQ+qhZufXVr0DvujKy93ZCbXZMHDL4EOtodSbCWxOqR8MS1tXA5hwqCXDg==",
      "dependencies": [
        "buffer-equal-constant-time",
        "ecdsa-sig-formatter",
        "safe-buffer"
      ]
    },
    "jws@4.0.1": {
      "integrity": "sha512-EKI/M/yqPncGUUh44xz0PxSidXFr/+r0pA70+gIYhjv+et7yxM+s29Y+VGDkovRofQem0fs7Uvf4+YmAdyRduA==",
      "dependencies": [
        "jwa",
        "safe-buffer"
      ]
    },
    "minimalistic-assert@1.0.1": {
      "integrity": "sha512-UtJcAD4yEaGtjPezWuO9wC4nwUnVH/8/Im3yEHQP4b67cXlD/Qr9hdITCU1xDbSEXg2XKNaP8jsReV7vQd00/A=="
    },
    "minimist@1.2.8": {
      "integrity": "sha512-2yyAR8qBkN3YuheJanUpWC5U3bb5osDywNB8RzDVlDwDHbocAJveqqj1u8+SVD7jkWT4yvsHCpWqqWqAxb0zCA=="
    },
    "ms@2.1.3": {
      "integrity": "sha512-6FlzubTLZG3J2a/NVCAleEhjzq5oxgHyaCU9yYXvcLsvoVaHJq/s5xXI6/XXP6tz7R9xAOtHnSO/tXtF3WRTlA=="
    },
    "safe-buffer@5.2.1": {
      "integrity": "sha512-rp3So07KcdmmKbGvgaNxQSJr7bGVSVk5S9Eq1F+ppbRo70+YeaDxkw5Dd8NPN+GD6bjnYm2VuPuCXmpuYvmCXQ=="
    },
    "safer-buffer@2.1.2": {
      "integrity": "sha512-YZo3K82SD7Riyi0E1EQPojLz7kpepnSQI9IyPbHHg1XXXevb5dJI7tpyN2ADxGcQbHG7vcyRHk0cbwqcQriUtg=="
    },
    "tslib@2.8.1": {
      "integrity": "sha512-oJFu94HQb+KVduSUQL7wnpmqnfmLsOA/nAh6b6EH0wCEoK0/mPeXU6c3wKDV83MkOuHPRHtSXKKU99IBazS/2w=="
    },
    "web-push@3.6.7": {
      "integrity": "sha512-OpiIUe8cuGjrj3mMBFWY+e4MMIkW3SVT+7vEIjvD9kejGUypv8GPDf84JdPWskK8zMRIJ6xYGm+Kxr8YkPyA0A==",
      "dependencies": [
        "asn1.js",
        "http_ece",
        "https-proxy-agent",
        "jws",
        "minimist"
      ]
    }
  },
  "workspace": {
    "dependencies": [
      "npm:@supabase/supabase-js@2",
      "npm:web-push@3"
    ]
  }
}
